<Solution>
  <Folder Name="/Additional Files/">
    <File Path=".gitignore" />
    <File Path="CODE_OF_CONDUCT.md" />
    <File Path="CONTRIBUTING.md" />
    <File Path="Directory.Build.props" />
    <File Path="Directory.Packages.props" />
    <File Path="global.json" />
    <File Path="LICENSE.md" />
    <File Path="README.md" />
    <File Path="SECURITY.md" />
  </Folder>
  <Folder Name="/Core/">
    <Project Path="Core/Venator.Engine/Venator.Engine.csproj" />
    <Project Path="Core/Venator.Server/Venator.Server.csproj" />
    <Project Path="Core/Venator.Storage.Contracts/Venator.Storage.Contracts.csproj" />
    <Project Path="Core/Venator.Storage/Venator.Storage.csproj" />
    <Project Path="Core/Venator/Venator.csproj" />
  </Folder>
</Solution>
